
Microsoft Visual Studio Solution File, Format Version 12.00
# Visual Studio 15
VisualStudioVersion = 15.0.27428.2037
MinimumVisualStudioVersion = 10.0.40219.1
Project("{FAE04EC0-301F-11D3-BF4B-00C04F79EFBC}") = "ZZTop", "ZZTop\ZZTop.csproj", "{E5EE166B-5D0E-43A2-9DE4-DA33F95BD57F}"
EndProject
Global
	GlobalSection(SolutionConfigurationPlatforms) = preSolution
		Debug|Any CPU = Debug|Any CPU
		Release|Any CPU = Release|Any CPU
	EndGlobalSection
	GlobalSection(ProjectConfigurationPlatforms) = postSolution
		{E5EE166B-5D0E-43A2-9DE4-DA33F95BD57F}.Debug|Any CPU.ActiveCfg = Debug|Any CPU
		{E5EE166B-5D0E-43A2-9DE4-DA33F95BD57F}.Debug|Any CPU.Build.0 = Debug|Any CPU
		{E5EE166B-5D0E-43A2-9DE4-DA33F95BD57F}.Release|Any CPU.ActiveCfg = Release|Any CPU
		{E5EE166B-5D0E-43A2-9DE4-DA33F95BD57F}.Release|Any CPU.Build.0 = Release|Any CPU
	EndGlobalSection
	GlobalSection(SolutionProperties) = preSolution
		HideSolutionNode = FALSE
	EndGlobalSection
	GlobalSection(ExtensibilityGlobals) = postSolution
		SolutionGuid = {C04060BB-03E2-4402-BDD7-01BB64E1D0D7}
	EndGlobalSection
EndGlobal
